
Microsoft Visual Studio Solution File, Format Version 12.00
# Visual Studio Version 16
VisualStudioVersion = 16.0.31313.79
MinimumVisualStudioVersion = 10.0.40219.1
Project("{9A19103F-16F7-4668-BE54-9A1E7A4F7556}") = "ChatService", "ChatService.csproj", "{88020F60-4D2D-462E-8FD7-FDAD5D366981}"
EndProject
Global
	GlobalSection(SolutionConfigurationPlatforms) = preSolution
		Debug|Any CPU = Debug|Any CPU
		Release|Any CPU = Release|Any CPU
	EndGlobalSection
	GlobalSection(ProjectConfigurationPlatforms) = postSolution
		{88020F60-4D2D-462E-8FD7-FDAD5D366981}.Debug|Any CPU.ActiveCfg = Debug|Any CPU
		{88020F60-4D2D-462E-8FD7-FDAD5D366981}.Debug|Any CPU.Build.0 = Debug|Any CPU
		{88020F60-4D2D-462E-8FD7-FDAD5D366981}.Release|Any CPU.ActiveCfg = Release|Any CPU
		{88020F60-4D2D-462E-8FD7-FDAD5D366981}.Release|Any CPU.Build.0 = Release|Any CPU
	EndGlobalSection
	GlobalSection(SolutionProperties) = preSolution
		HideSolutionNode = FALSE
	EndGlobalSection
	GlobalSection(ExtensibilityGlobals) = postSolution
		SolutionGuid = {7A354CFC-252F-4C3A-9B5E-DB1FBD95375F}
	EndGlobalSection
EndGlobal
